# THIS IS AN AUTOGENERATED FILE. DO NOT EDIT THIS FILE DIRECTLY.
# yarn lockfile v1


"@emotion/hash@^0.8.0":
  version "0.8.0"
  resolved "https://registry.yarnpkg.com/@emotion/hash/-/hash-0.8.0.tgz#bbbff68978fefdbe68ccb533bc8cbe1d1afb5413"
  integrity sha512-kBJtf7PH6aWwZ6fka3zQ0p6SBYzx4fl1LoZXE2RrnYST9Xljm7WfKJrU4g/Xr3Beg72MLrp1AWNUmuYJTL7Cow==

"@vanilla-extract/css@^1.5.0", "@vanilla-extract/css@^1.6.0":
  version "1.6.0"
  resolved "https://registry.yarnpkg.com/@vanilla-extract/css/-/css-1.6.0.tgz#9c89f49ff577a32cfd9f852ee1c54e3b49c06d3d"
  integrity sha512-v95GmeMGtv0937s7XD8yZvl8qY5AVYbx7ZyKmYfe1lXDXgemItxGycCEPAd+3ys0iHJmw8Io7gahylwUkaNpvA==
  dependencies:
    "@emotion/hash" "^0.8.0"
    "@vanilla-extract/private" "^1.0.1"
    chalk "^4.1.1"
    css-what "^5.0.1"
    cssesc "^3.0.0"
    csstype "^3.0.7"
    dedent "^0.7.0"
    deep-object-diff "^1.1.0"
    deepmerge "^4.2.2"

"@vanilla-extract/esbuild-plugin@^2.0.0":
  version "2.0.0"
  resolved "https://registry.yarnpkg.com/@vanilla-extract/esbuild-plugin/-/esbuild-plugin-2.0.0.tgz#f5ee90f9cc4e5447f4c90d4a2587b5b0ddc7206c"
  integrity sha512-NqLVDtcIxfl6J/ksX9xJuJjOqBVCBMHnDqsTZjBiApgd9HPmHLZsKa4w1lsZPhp75FfrKo1WKXGGMrj3+wSvqA==
  dependencies:
    "@vanilla-extract/integration" "^1.2.0"

"@vanilla-extract/integration@^1.2.0":
  version "1.4.0"
  resolved "https://registry.yarnpkg.com/@vanilla-extract/integration/-/integration-1.4.0.tgz#a09becf502862e37036c4fe68215125ed52bbed5"
  integrity sha512-TOBVr6rUasS3K6T9kiXMfrZzkruaEfY/cxpQaAjQnbWcAlsjVZP0AVB/6mdAAXw4QqlHbdENLtSp8PP69gf50A==
  dependencies:
    "@vanilla-extract/css" "^1.5.0"
    chalk "^4.1.1"
    dedent "^0.7.0"
    esbuild "^0.11.16"
    eval "^0.1.6"
    find-up "^5.0.0"
    javascript-stringify "^2.0.1"
    lodash "^4.17.21"

"@vanilla-extract/private@^1.0.1":
  version "1.0.1"
  resolved "https://registry.yarnpkg.com/@vanilla-extract/private/-/private-1.0.1.tgz#c9479cebea7e7fbb07a1fe5b5c988a8753ef04ed"
  integrity sha512-ABrFJGSmF7a1M+eDTsIeAErPhIeRyBY3ypyLQPc4bUVEK1mvF7F2gx4fTP81pm12bkS0GhjSJtM854lcPWhB+w==

"@vanilla-extract/recipes@^0.1.0":
  version "0.1.0"
  resolved "https://registry.yarnpkg.com/@vanilla-extract/recipes/-/recipes-0.1.0.tgz#b1e169c4c4fcc75f0d5f3543df9811b1ccf5bc73"
  integrity sha512-PX2CxRdYkXiPiIcK2uxabBLbQlo6hZIlAVNGwxdy4ZI4OCOfPm6X2hNka+nFkpxXgZMdO/E6lXn2H6eFtxZ9BA==

ansi-styles@^4.1.0:
  version "4.3.0"
  resolved "https://registry.yarnpkg.com/ansi-styles/-/ansi-styles-4.3.0.tgz#edd803628ae71c04c85ae7a0906edad34b648937"
  integrity sha512-zbB9rCJAT1rbjiVDb2hqKFHNYLxgtk8NURxZ3IZwD3F6NtxbXZQCnnSi1Lkx+IDohdPlFp222wVALIheZJQSEg==
  dependencies:
    color-convert "^2.0.1"

chalk@^4.1.1:
  version "4.1.2"
  resolved "https://registry.yarnpkg.com/chalk/-/chalk-4.1.2.tgz#aac4e2b7734a740867aeb16bf02aad556a1e7a01"
  integrity sha512-oKnbhFyRIXpUuez8iBMmyEa4nbj4IOQyuhc/wy9kY7/WVPcwIO9VA668Pu8RkO7+0G76SLROeyw9CpQ061i4mA==
  dependencies:
    ansi-styles "^4.1.0"
    supports-color "^7.1.0"

color-convert@^2.0.1:
  version "2.0.1"
  resolved "https://registry.yarnpkg.com/color-convert/-/color-convert-2.0.1.tgz#72d3a68d598c9bdb3af2ad1e84f21d896abd4de3"
  integrity sha512-RRECPsj7iu/xb5oKYcsFHSppFNnsj/52OVTRKb4zP5onXwVF3zVmmToNcOfGC+CRDpfK/U584fMg38ZHCaElKQ==
  dependencies:
    color-name "~1.1.4"

color-name@~1.1.4:
  version "1.1.4"
  resolved "https://registry.yarnpkg.com/color-name/-/color-name-1.1.4.tgz#c2a09a87acbde69543de6f63fa3995c826c536a2"
  integrity sha512-dOy+3AuW3a2wNbZHIuMZpTcgjGuLU/uBL/ubcZF9OXbDo8ff4O8yVp5Bf0efS8uEoYo5q4Fx7dY9OgQGXgAsQA==

css-what@^5.0.1:
  version "5.0.1"
  resolved "https://registry.yarnpkg.com/css-what/-/css-what-5.0.1.tgz#3efa820131f4669a8ac2408f9c32e7c7de9f4cad"
  integrity sha512-FYDTSHb/7KXsWICVsxdmiExPjCfRC4qRFBdVwv7Ax9hMnvMmEjP9RfxTEZ3qPZGmADDn2vAKSo9UcN1jKVYscg==

cssesc@^3.0.0:
  version "3.0.0"
  resolved "https://registry.yarnpkg.com/cssesc/-/cssesc-3.0.0.tgz#37741919903b868565e1c09ea747445cd18983ee"
  integrity sha512-/Tb/JcjK111nNScGob5MNtsntNM1aCNUDipB/TkwZFhyDrrE47SOx/18wF2bbjgc3ZzCSKW1T5nt5EbFoAz/Vg==

csstype@^3.0.7:
  version "3.0.9"
  resolved "https://registry.yarnpkg.com/csstype/-/csstype-3.0.9.tgz#6410af31b26bd0520933d02cbc64fce9ce3fbf0b"
  integrity sha512-rpw6JPxK6Rfg1zLOYCSwle2GFOOsnjmDYDaBwEcwoOg4qlsIVCN789VkBZDJAGi4T07gI4YSutR43t9Zz4Lzuw==

dedent@^0.7.0:
  version "0.7.0"
  resolved "https://registry.yarnpkg.com/dedent/-/dedent-0.7.0.tgz#2495ddbaf6eb874abb0e1be9df22d2e5a544326c"
  integrity sha1-JJXduvbrh0q7Dhvp3yLS5aVEMmw=

deep-object-diff@^1.1.0:
  version "1.1.0"
  resolved "https://registry.yarnpkg.com/deep-object-diff/-/deep-object-diff-1.1.0.tgz#d6fabf476c2ed1751fc94d5ca693d2ed8c18bc5a"
  integrity sha512-b+QLs5vHgS+IoSNcUE4n9HP2NwcHj7aqnJWsjPtuG75Rh5TOaGt0OjAYInh77d5T16V5cRDC+Pw/6ZZZiETBGw==

deepmerge@^4.2.2:
  version "4.2.2"
  resolved "https://registry.yarnpkg.com/deepmerge/-/deepmerge-4.2.2.tgz#44d2ea3679b8f4d4ffba33f03d865fc1e7bf4955"
  integrity sha512-FJ3UgI4gIl+PHZm53knsuSFpE+nESMr7M4v9QcgB7S63Kj/6WqMiFQJpBBYz1Pt+66bZpP3Q7Lye0Oo9MPKEdg==

esbuild-android-arm64@0.13.1:
  version "0.13.1"
  resolved "https://registry.yarnpkg.com/esbuild-android-arm64/-/esbuild-android-arm64-0.13.1.tgz#8cc8d80888a02396c50ac41a4b0759ec3954ac42"
  integrity sha512-cTMj64xCgSMx2bDDuzax42P9wWj8g6mif5/uVCNH0JHXAiWED9LhAz7dOzGJFwru6MKTGSkryxSip8pfSQrFgQ==

esbuild-darwin-64@0.13.1:
  version "0.13.1"
  resolved "https://registry.yarnpkg.com/esbuild-darwin-64/-/esbuild-darwin-64-0.13.1.tgz#7094f1d53a03d4225c66bf1490084fe773e748a7"
  integrity sha512-v/Cn1W8XxWfUyl65uFhlnEm2eRTH8x4LGZTL8MQfaFz4LMGK/MrPWZNQMrc2kbax3TQOO3x6SkFlpsFOEfnA2w==

esbuild-darwin-arm64@0.13.1:
  version "0.13.1"
  resolved "https://registry.yarnpkg.com/esbuild-darwin-arm64/-/esbuild-darwin-arm64-0.13.1.tgz#72dd11a4949385088700dc36f52b93ca38e3dd3c"
  integrity sha512-VI2pkmrwLrR1Kqg2A0HlBG41789h2cxCVYSbGjZ9TWk8U74Z929QjzQirZnBrDhO29JfLUpgZxiKURj+VA2Hyw==

esbuild-freebsd-64@0.13.1:
  version "0.13.1"
  resolved "https://registry.yarnpkg.com/esbuild-freebsd-64/-/esbuild-freebsd-64-0.13.1.tgz#31fb0896800962a85e5a332cdadd673cc3ca1992"
  integrity sha512-ijqEun1MNIomT8LNMbdK0iFlq9OOEfG95D9Qc/eywDeMKgTUVAJXjCeoeI+srQzhC7ErcWlE5vIzc4G1Wfscrg==

esbuild-freebsd-arm64@0.13.1:
  version "0.13.1"
  resolved "https://registry.yarnpkg.com/esbuild-freebsd-arm64/-/esbuild-freebsd-arm64-0.13.1.tgz#a3591a2fd2568cdf60a9ce506b2b110e08ab6f47"
  integrity sha512-jSMdECWWAxmSpanm4wk7NrAJDEBYgHIrVg4eFZqbPqgjdzSYGpo9hGh2DdjurIll75/+xb3GTsG0FUuz9LwWfw==

esbuild-linux-32@0.13.1:
  version "0.13.1"
  resolved "https://registry.yarnpkg.com/esbuild-linux-32/-/esbuild-linux-32-0.13.1.tgz#76c0ee9f805457d069611e58846df1f8196f56f4"
  integrity sha512-ppnbWyAW34qE9CNaGVjRe+U/wqhAOiaEo3IF59wXZWmW8/0K/lheZjLpL21upcAs5Y/cvuQR91Yma0y+xb8zRg==

esbuild-linux-64@0.13.1:
  version "0.13.1"
  resolved "https://registry.yarnpkg.com/esbuild-linux-64/-/esbuild-linux-64-0.13.1.tgz#c45a2d64eda7ee9609e7badb662ed5e44eb76852"
  integrity sha512-FGWSYzLkotWVSYEoOvhP08KSs8xOYUiN+TecYsJBpNc/py88uk0Tm20RTx2HiQJSgRymmlYYc/uvZNmdiM2QLA==

esbuild-linux-arm64@0.13.1:
  version "0.13.1"
  resolved "https://registry.yarnpkg.com/esbuild-linux-arm64/-/esbuild-linux-arm64-0.13.1.tgz#2bb02a701f58c82c7b6d9bc4997f8a1abd23a815"
  integrity sha512-/CGR9doE2uH36b2DHtP4ePEkVUMsO4wpZ5oS5P6UvyD9+zTfX9+F7dVAvUsg05ffKrVFUi46U7zC5mX3NmvJoQ==

esbuild-linux-arm@0.13.1:
  version "0.13.1"
  resolved "https://registry.yarnpkg.com/esbuild-linux-arm/-/esbuild-linux-arm-0.13.1.tgz#b073de6911e8c54880f0b2bbefbf33df5cefdc64"
  integrity sha512-ZOKLfG9EGlS7maQmlQfqOKokRs5qf4r3KRySXxpETPCwDyro4m2pigmoo8EFeloD2j0QLBk81LhJJufPtuxVZw==

esbuild-linux-mips64le@0.13.1:
  version "0.13.1"
  resolved "https://registry.yarnpkg.com/esbuild-linux-mips64le/-/esbuild-linux-mips64le-0.13.1.tgz#dfdce1240b294d23ace1ce071a48a2638d215ea0"
  integrity sha512-wDBX7raoj9/oagKCvH1iUmWE+EgyAX6kPFgkAekOjavUddNo2XO+bHIO/ieVNJS63bNeEMRIJDUs6rAkVowxxQ==

esbuild-linux-ppc64le@0.13.1:
  version "0.13.1"
  resolved "https://registry.yarnpkg.com/esbuild-linux-ppc64le/-/esbuild-linux-ppc64le-0.13.1.tgz#4e5a6a86834b6a193575b031dbdfb0b7ca529ed9"
  integrity sha512-gzRi8cfZ9GZE69yOmLngay+xDEbJHWkgMvOwpwX/CgRnZqKJ3oVxTzX74PZuuSfyv/YxQXkL8055iti5ylHRCw==

esbuild-openbsd-64@0.13.1:
  version "0.13.1"
  resolved "https://registry.yarnpkg.com/esbuild-openbsd-64/-/esbuild-openbsd-64-0.13.1.tgz#e871fa43742d1179f57ed76c0b3b954892e7d4c7"
  integrity sha512-O5IOqqKz0f0yA8HicAuN8okY7NJ549ZO0t8fFyv9ilZ5Z9NDqCu5jI4wDgxhCUka/c6g7Fww/SgLZYq9NwNxHg==

esbuild-sunos-64@0.13.1:
  version "0.13.1"
  resolved "https://registry.yarnpkg.com/esbuild-sunos-64/-/esbuild-sunos-64-0.13.1.tgz#a0b059f6f001b229ba7bebc3da6526a8c094ab30"
  integrity sha512-yT9yledVqzgFnIR+imh0QHJU5K8DqJhnfaRYx6fPNM5ALhlXmbuQDLEEjEUwFzGI3ewz1ai/DD/USTCsNaWbHA==

esbuild-windows-32@0.13.1:
  version "0.13.1"
  resolved "https://registry.yarnpkg.com/esbuild-windows-32/-/esbuild-windows-32-0.13.1.tgz#83d2170d6f8d972195a55b7221316e3b573be6fa"
  integrity sha512-63pgTvFZEfK1tyotgEyoGroB1ctE1cZGL0oUO637T92D8ddJT/kEoziGoOe3RXtxdOTwN2l3j8A65NbN8KRSdQ==

esbuild-windows-64@0.13.1:
  version "0.13.1"
  resolved "https://registry.yarnpkg.com/esbuild-windows-64/-/esbuild-windows-64-0.13.1.tgz#a3de8f0ad937b99ebf64c5bd26850ed736d2efc7"
  integrity sha512-BPa/ofEsT+ZqFoqRdLdesBOXWKL+QE99MkDzgx3xgKf2WvgUgoHVwo61JAxQoohIah2ydSx0xRhP14qgXQKkew==

esbuild-windows-arm64@0.13.1:
  version "0.13.1"
  resolved "https://registry.yarnpkg.com/esbuild-windows-arm64/-/esbuild-windows-arm64-0.13.1.tgz#b8b594a5198bd07e76eb9fbfdfc112646e5eb064"
  integrity sha512-GvqsbpsrT3fhJ9ufAjrXTTWt5r0o8H3yVpj9gwEnpPvL38hWJCXMpEzHADNVIgQbHcSvky0TBI4pKWGtmlcM6A==

esbuild@^0.11.16:
  version "0.11.23"
  resolved "https://registry.yarnpkg.com/esbuild/-/esbuild-0.11.23.tgz#c42534f632e165120671d64db67883634333b4b8"
  integrity sha512-iaiZZ9vUF5wJV8ob1tl+5aJTrwDczlvGP0JoMmnpC2B0ppiMCu8n8gmy5ZTGl5bcG081XBVn+U+jP+mPFm5T5Q==

esbuild@^0.13.1:
  version "0.13.1"
  resolved "https://registry.yarnpkg.com/esbuild/-/esbuild-0.13.1.tgz#fd84d72c4f2ad6e245ce90c2da2b4f51d81cd9c5"
  integrity sha512-7+/6MWcgR7GcnUJh7WTeAiaPGi58cgX4VqCritCqwwk36+GSai4J3hdTiQSuKAZJnrBqZm6qRKweJCXEfjDP/Q==
  optionalDependencies:
    esbuild-android-arm64 "0.13.1"
    esbuild-darwin-64 "0.13.1"
    esbuild-darwin-arm64 "0.13.1"
    esbuild-freebsd-64 "0.13.1"
    esbuild-freebsd-arm64 "0.13.1"
    esbuild-linux-32 "0.13.1"
    esbuild-linux-64 "0.13.1"
    esbuild-linux-arm "0.13.1"
    esbuild-linux-arm64 "0.13.1"
    esbuild-linux-mips64le "0.13.1"
    esbuild-linux-ppc64le "0.13.1"
    esbuild-openbsd-64 "0.13.1"
    esbuild-sunos-64 "0.13.1"
    esbuild-windows-32 "0.13.1"
    esbuild-windows-64 "0.13.1"
    esbuild-windows-arm64 "0.13.1"

eval@^0.1.6:
  version "0.1.6"
  resolved "https://registry.yarnpkg.com/eval/-/eval-0.1.6.tgz#9620d7d8c85515e97e6b47c5814f46ae381cb3cc"
  integrity sha512-o0XUw+5OGkXw4pJZzQoXUk+H87DHuC+7ZE//oSrRGtatTmr12oTnLfg6QOq9DyTt0c/p4TwzgmkKrBzWTSizyQ==
  dependencies:
    require-like ">= 0.1.1"

find-up@^5.0.0:
  version "5.0.0"
  resolved "https://registry.yarnpkg.com/find-up/-/find-up-5.0.0.tgz#4c92819ecb7083561e4f4a240a86be5198f536fc"
  integrity sha512-78/PXT1wlLLDgTzDs7sjq9hzz0vXD+zn+7wypEe4fXQxCmdmqfGsEPQxmiCSQI3ajFV91bVSsvNtrJRiW6nGng==
  dependencies:
    locate-path "^6.0.0"
    path-exists "^4.0.0"

has-flag@^4.0.0:
  version "4.0.0"
  resolved "https://registry.yarnpkg.com/has-flag/-/has-flag-4.0.0.tgz#944771fd9c81c81265c4d6941860da06bb59479b"
  integrity sha512-EykJT/Q1KjTWctppgIAgfSO0tKVuZUjhgMr17kqTumMl6Afv3EISleU7qZUzoXDFTAHTDC4NOoG/ZxU3EvlMPQ==

javascript-stringify@^2.0.1:
  version "2.1.0"
  resolved "https://registry.yarnpkg.com/javascript-stringify/-/javascript-stringify-2.1.0.tgz#27c76539be14d8bd128219a2d731b09337904e79"
  integrity sha512-JVAfqNPTvNq3sB/VHQJAFxN/sPgKnsKrCwyRt15zwNCdrMMJDdcEOdubuy+DuJYYdm0ox1J4uzEuYKkN+9yhVg==

locate-path@^6.0.0:
  version "6.0.0"
  resolved "https://registry.yarnpkg.com/locate-path/-/locate-path-6.0.0.tgz#55321eb309febbc59c4801d931a72452a681d286"
  integrity sha512-iPZK6eYjbxRu3uB4/WZ3EsEIMJFMqAoopl3R+zuq0UjcAm/MO6KCweDgPfP3elTztoKP3KtnVHxTn2NHBSDVUw==
  dependencies:
    p-locate "^5.0.0"

lodash@^4.17.21:
  version "4.17.21"
  resolved "https://registry.yarnpkg.com/lodash/-/lodash-4.17.21.tgz#679591c564c3bffaae8454cf0b3df370c3d6911c"
  integrity sha512-v2kDEe57lecTulaDIuNTPy3Ry4gLGJ6Z1O3vE1krgXZNrsQ+LFTGHVxVjcXPs17LhbZVGedAJv8XZ1tvj5FvSg==

p-limit@^3.0.2:
  version "3.1.0"
  resolved "https://registry.yarnpkg.com/p-limit/-/p-limit-3.1.0.tgz#e1daccbe78d0d1388ca18c64fea38e3e57e3706b"
  integrity sha512-TYOanM3wGwNGsZN2cVTYPArw454xnXj5qmWF1bEoAc4+cU/ol7GVh7odevjp1FNHduHc3KZMcFduxU5Xc6uJRQ==
  dependencies:
    yocto-queue "^0.1.0"

p-locate@^5.0.0:
  version "5.0.0"
  resolved "https://registry.yarnpkg.com/p-locate/-/p-locate-5.0.0.tgz#83c8315c6785005e3bd021839411c9e110e6d834"
  integrity sha512-LaNjtRWUBY++zB5nE/NwcaoMylSPk+S+ZHNB1TzdbMJMny6dynpAGt7X/tl/QYq3TIeE6nxHppbo2LGymrG5Pw==
  dependencies:
    p-limit "^3.0.2"

path-exists@^4.0.0:
  version "4.0.0"
  resolved "https://registry.yarnpkg.com/path-exists/-/path-exists-4.0.0.tgz#513bdbe2d3b95d7762e8c1137efa195c6c61b5b3"
  integrity sha512-ak9Qy5Q7jYb2Wwcey5Fpvg2KoAc/ZIhLSLOSBmRmygPsGwkVVt0fZa0qrtMz+m6tJTAHfZQ8FnmB4MG4LWy7/w==

"require-like@>= 0.1.1":
  version "0.1.2"
  resolved "https://registry.yarnpkg.com/require-like/-/require-like-0.1.2.tgz#ad6f30c13becd797010c468afa775c0c0a6b47fa"
  integrity sha1-rW8wwTvs15cBDEaK+ndcDAprR/o=

supports-color@^7.1.0:
  version "7.2.0"
  resolved "https://registry.yarnpkg.com/supports-color/-/supports-color-7.2.0.tgz#1b7dcdcb32b8138801b3e478ba6a51caa89648da"
  integrity sha512-qpCAvRl9stuOHveKsn7HncJRvv501qIacKzQlO/+Lwxc9+0q2wLyv4Dfvt80/DPn2pqOBsJdDiogXGR9+OvwRw==
  dependencies:
    has-flag "^4.0.0"

yocto-queue@^0.1.0:
  version "0.1.0"
  resolved "https://registry.yarnpkg.com/yocto-queue/-/yocto-queue-0.1.0.tgz#0294eb3dee05028d31ee1a5fa2c556a6aaf10a1b"
  integrity sha512-rVksvsnNCdJ/ohGc6xgPwyN8eheCxsiLM8mxuE/t/mOVqJewPuO1miLpTHQiRgTKCLexL4MeAFVagts7HmNZ2Q==
